
Microsoft Visual Studio Solution File, Format Version 12.00
# Visual Studio 14
VisualStudioVersion = 14.0.25420.1
MinimumVisualStudioVersion = 10.0.40219.1
Project("{8BC9CEB8-8B4A-11D0-8D11-00A0C91BC942}") = "PubSub", "PubSub\PubSub.vcxproj", "{1009AE03-FDAC-4DBE-BD94-5A371AF2BFF4}"
EndProject
Project("{8BC9CEB8-8B4A-11D0-8D11-00A0C91BC942}") = "Publisher", "Publisher\Publisher.vcxproj", "{D9F25A0D-9A8A-4902-89C0-A264F739BB6D}"
EndProject
Project("{8BC9CEB8-8B4A-11D0-8D11-00A0C91BC942}") = "Subscriber", "Subscriber\Subscriber.vcxproj", "{41301082-988C-453B-84FE-8B95658EBD3F}"
EndProject
Project("{8BC9CEB8-8B4A-11D0-8D11-00A0C91BC942}") = "Common", "Common\Common.vcxproj", "{857ADB30-4136-493C-8E62-A426494676F0}"
EndProject
Global
	GlobalSection(SolutionConfigurationPlatforms) = preSolution
		Debug|x64 = Debug|x64
		Debug|x86 = Debug|x86
		Release|x64 = Release|x64
		Release|x86 = Release|x86
	EndGlobalSection
	GlobalSection(ProjectConfigurationPlatforms) = postSolution
		{1009AE03-FDAC-4DBE-BD94-5A371AF2BFF4}.Debug|x64.ActiveCfg = Debug|x64
		{1009AE03-FDAC-4DBE-BD94-5A371AF2BFF4}.Debug|x64.Build.0 = Debug|x64
		{1009AE03-FDAC-4DBE-BD94-5A371AF2BFF4}.Debug|x86.ActiveCfg = Debug|Win32
		{1009AE03-FDAC-4DBE-BD94-5A371AF2BFF4}.Debug|x86.Build.0 = Debug|Win32
		{1009AE03-FDAC-4DBE-BD94-5A371AF2BFF4}.Release|x64.ActiveCfg = Release|x64
		{1009AE03-FDAC-4DBE-BD94-5A371AF2BFF4}.Release|x64.Build.0 = Release|x64
		{1009AE03-FDAC-4DBE-BD94-5A371AF2BFF4}.Release|x86.ActiveCfg = Release|Win32
		{1009AE03-FDAC-4DBE-BD94-5A371AF2BFF4}.Release|x86.Build.0 = Release|Win32
		{D9F25A0D-9A8A-4902-89C0-A264F739BB6D}.Debug|x64.ActiveCfg = Debug|x64
		{D9F25A0D-9A8A-4902-89C0-A264F739BB6D}.Debug|x64.Build.0 = Debug|x64
		{D9F25A0D-9A8A-4902-89C0-A264F739BB6D}.Debug|x86.ActiveCfg = Debug|Win32
		{D9F25A0D-9A8A-4902-89C0-A264F739BB6D}.Debug|x86.Build.0 = Debug|Win32
		{D9F25A0D-9A8A-4902-89C0-A264F739BB6D}.Release|x64.ActiveCfg = Release|x64
		{D9F25A0D-9A8A-4902-89C0-A264F739BB6D}.Release|x64.Build.0 = Release|x64
		{D9F25A0D-9A8A-4902-89C0-A264F739BB6D}.Release|x86.ActiveCfg = Release|Win32
		{D9F25A0D-9A8A-4902-89C0-A264F739BB6D}.Release|x86.Build.0 = Release|Win32
		{41301082-988C-453B-84FE-8B95658EBD3F}.Debug|x64.ActiveCfg = Debug|x64
		{41301082-988C-453B-84FE-8B95658EBD3F}.Debug|x64.Build.0 = Debug|x64
		{41301082-988C-453B-84FE-8B95658EBD3F}.Debug|x86.ActiveCfg = Debug|Win32
		{41301082-988C-453B-84FE-8B95658EBD3F}.Debug|x86.Build.0 = Debug|Win32
		{41301082-988C-453B-84FE-8B95658EBD3F}.Release|x64.ActiveCfg = Release|x64
		{41301082-988C-453B-84FE-8B95658EBD3F}.Release|x64.Build.0 = Release|x64
		{41301082-988C-453B-84FE-8B95658EBD3F}.Release|x86.ActiveCfg = Release|Win32
		{41301082-988C-453B-84FE-8B95658EBD3F}.Release|x86.Build.0 = Release|Win32
		{857ADB30-4136-493C-8E62-A426494676F0}.Debug|x64.ActiveCfg = Debug|x64
		{857ADB30-4136-493C-8E62-A426494676F0}.Debug|x64.Build.0 = Debug|x64
		{857ADB30-4136-493C-8E62-A426494676F0}.Debug|x86.ActiveCfg = Debug|Win32
		{857ADB30-4136-493C-8E62-A426494676F0}.Debug|x86.Build.0 = Debug|Win32
		{857ADB30-4136-493C-8E62-A426494676F0}.Release|x64.ActiveCfg = Release|x64
		{857ADB30-4136-493C-8E62-A426494676F0}.Release|x64.Build.0 = Release|x64
		{857ADB30-4136-493C-8E62-A426494676F0}.Release|x86.ActiveCfg = Release|Win32
		{857ADB30-4136-493C-8E62-A426494676F0}.Release|x86.Build.0 = Release|Win32
	EndGlobalSection
	GlobalSection(SolutionProperties) = preSolution
		HideSolutionNode = FALSE
	EndGlobalSection
EndGlobal
